{
  "version": 4,
  "terraform_version": "1.10.5",
  "serial": 1,
  "lineage": "98344d2b-d683-a8cc-036d-9cb8b22aa937",
  "outputs": {},
  "resources": [
    {
      "mode": "managed",
      "type": "local_file",
      "name": "cat_res",
      "provider": "provider[\"registry.terraform.io/hashicorp/local\"]",
      "instances": [
        {
          "schema_version": 0,
          "attributes": {
            "content": "I HATE CATS",
            "content_base64": null,
            "content_base64sha256": "Mk4yei+vckoi0ZxyXmdWptEdvAAvRvrkZpXqPnsomQ4=",
            "content_base64sha512": "gkTwLvDApav2DZ490f2aRMI/7k6BSgBrgSPtot35U36YVp4APiCkbrXicpMoNk9tB1Zz+RYi3xkAUuDiydmYmw==",
            "content_md5": "65bc52ecdc350d9030d338f216295c2e",
            "content_sha1": "16a175f1287cbf747078bea37be0b965935004b5",
            "content_sha256": "324e327a2faf724a22d19c725e6756a6d11dbc002f46fae46695ea3e7b28990e",
            "content_sha512": "8244f02ef0c0a5abf60d9e3dd1fd9a44c23fee4e814a006b8123eda2ddf9537e98569e003e20a46eb5e2729328364f6d075673f91622df190052e0e2c9d9989b",
            "directory_permission": "0777",
            "file_permission": "0777",
            "filename": "cat.txt",
            "id": "16a175f1287cbf747078bea37be0b965935004b5",
            "sensitive_content": null,
            "source": null
          },
          "sensitive_attributes": [
            [
              {
                "type": "get_attr",
                "value": "sensitive_content"
              }
            ]
          ]
        }
      ]
    },
    {
      "mode": "managed",
      "type": "local_file",
      "name": "dog_res",
      "provider": "provider[\"registry.terraform.io/hashicorp/local\"]",
      "instances": [
        {
          "schema_version": 0,
          "attributes": {
            "content": "I love dogS",
            "content_base64": null,
            "content_base64sha256": "Ns/KuGyLPBG4ecFefW7/q8Y3Bf3bt2/JGpp3lNSa9Jo=",
            "content_base64sha512": "az2FtwHikub+Yz3Dn7s58s97PyL/8BYmhXCp+V9oFF95nQtrmQuS89j0CcOW+2GEkVwFigZtS9tJ/mOdtIxjTg==",
            "content_md5": "bcb2ffe8a0ded9e0f77d56c589f034b0",
            "content_sha1": "f881dc4a40607ee681b126ada7a8642b192c4a11",
            "content_sha256": "36cfcab86c8b3c11b879c15e7d6effabc63705fddbb76fc91a9a7794d49af49a",
            "content_sha512": "6b3d85b701e292e6fe633dc39fbb39f2cf7b3f22fff016268570a9f95f68145f799d0b6b990b92f3d8f409c396fb6184915c058a066d4bdb49fe639db48c634e",
            "directory_permission": "0777",
            "file_permission": "0777",
            "filename": "dog.txt",
            "id": "f881dc4a40607ee681b126ada7a8642b192c4a11",
            "sensitive_content": null,
            "source": null
          },
          "sensitive_attributes": [
            [
              {
                "type": "get_attr",
                "value": "sensitive_content"
              }
            ]
          ]
        }
      ]
    }
  ],
  "check_results": null
}
