{
  "version": 4,
  "terraform_version": "1.10.5",
  "serial": 50,
  "lineage": "f4e81c20-0ec8-e1b0-7b28-8fccb645d24e",
  "outputs": {
    "result": {
      "value": 495,
      "type": "number"
    }
  },
  "resources": [
    {
      "mode": "managed",
      "type": "local_file",
      "name": "name",
      "provider": "provider[\"registry.terraform.io/hashicorp/local\"]",
      "instances": [
        {
          "schema_version": 0,
          "attributes": {
            "content": "495",
            "content_base64": null,
            "content_base64sha256": "rBJwxQWK9lAl5bKj4wFM6mlGDn2fFZrmZwKOG26rQz4=",
            "content_base64sha512": "cArRqxGK26XWpbGc8Z9JJTDVul5qUQOPnVh02Ko7ozr6LEZTphIB7c1tAuFJYXomUUQnSfI75aRmOltTBi2ZIw==",
            "content_md5": "35051070e572e47d2c26c241ab88307f",
            "content_sha1": "f1e75747bc4c6d0b16f0d429b76d23f1c06153a9",
            "content_sha256": "ac1270c5058af65025e5b2a3e3014cea69460e7d9f159ae667028e1b6eab433e",
            "content_sha512": "700ad1ab118adba5d6a5b19cf19f492530d5ba5e6a51038f9d5874d8aa3ba33afa2c4653a61201edcd6d02e149617a2651442749f23be5a4663a5b53062d9923",
            "directory_permission": "0777",
            "file_permission": "0777",
            "filename": "lifecycle.txt",
            "id": "f1e75747bc4c6d0b16f0d429b76d23f1c06153a9",
            "sensitive_content": null,
            "source": null
          },
          "sensitive_attributes": [
            [
              {
                "type": "get_attr",
                "value": "sensitive_content"
              }
            ]
          ],
          "dependencies": [
            "random_integer.name"
          ]
        }
      ]
    },
    {
      "mode": "managed",
      "type": "random_integer",
      "name": "name",
      "provider": "provider[\"registry.terraform.io/hashicorp/random\"]",
      "instances": [
        {
          "schema_version": 0,
          "attributes": {
            "id": "495",
            "keepers": null,
            "max": 500,
            "min": 490,
            "result": 495,
            "seed": null
          },
          "sensitive_attributes": []
        }
      ]
    }
  ],
  "check_results": null
}
