{
  "version": 4,
  "terraform_version": "1.10.5",
  "serial": 1,
  "lineage": "b9d49700-87c3-89e6-c531-622bbd6f4352",
  "outputs": {},
  "resources": [
    {
      "mode": "managed",
      "type": "google_compute_instance",
      "name": "a3",
      "provider": "provider[\"registry.terraform.io/hashicorp/google\"]",
      "instances": [
        {
          "schema_version": 6,
          "attributes": {
            "advanced_machine_features": [],
            "allow_stopping_for_update": null,
            "attached_disk": [],
            "boot_disk": [
              {
                "auto_delete": true,
                "device_name": "a1",
                "disk_encryption_key_raw": "",
                "disk_encryption_key_sha256": "",
                "initialize_params": [
                  {
                    "enable_confidential_compute": false,
                    "image": "https://www.googleapis.com/compute/v1/projects/centos-cloud/global/images/centos-stream-9-v20250123",
                    "labels": {},
                    "provisioned_iops": 0,
                    "provisioned_throughput": 0,
                    "resource_manager_tags": {},
                    "resource_policies": [
                      "https://www.googleapis.com/compute/v1/projects/saitejaameda/regions/us-central1/resourcePolicies/default-schedule-1"
                    ],
                    "size": 20,
                    "storage_pool": "",
                    "type": "pd-balanced"
                  }
                ],
                "interface": "",
                "kms_key_self_link": "",
                "mode": "READ_WRITE",
                "source": "https://www.googleapis.com/compute/v1/projects/saitejaameda/zones/us-central1-c/disks/a1"
              }
            ],
            "can_ip_forward": false,
            "confidential_instance_config": [
              {
                "confidential_instance_type": "",
                "enable_confidential_compute": false
              }
            ],
            "cpu_platform": "Intel Broadwell",
            "creation_timestamp": "2025-01-30T04:49:42.866-08:00",
            "current_status": "RUNNING",
            "deletion_protection": false,
            "description": "",
            "desired_status": null,
            "effective_labels": {},
            "enable_display": false,
            "guest_accelerator": [],
            "hostname": "",
            "id": "projects/saitejaameda/zones/us-central1-c/instances/a1",
            "instance_id": "1821800146522262410",
            "key_revocation_action_type": "NONE",
            "label_fingerprint": "42WmSpB8rSM=",
            "labels": {},
            "machine_type": "e2-medium",
            "metadata": {
              "ssh-keys": "ganeshreddy7610:ecdsa-sha2-nistp256 AAAAE2VjZHNhLXNoYTItbmlzdHAyNTYAAAAIbmlzdHAyNTYAAABBBI1CHyaOWyz3ruhV/ElmIfEF7RvAUOdvH+WnXQOGdVaeTESMZ5R8Vj+tWKoTn564uIMrXkvgwFekzNyKSivf3zI= google-ssh {\"userName\":\"ganeshreddy7610@gmail.com\",\"expireOn\":\"2025-01-30T12:53:50+0000\"}\nganeshreddy7610:ssh-rsa AAAAB3NzaC1yc2EAAAADAQABAAABAQCqTD9xApn+36c6EdQ/OkNvC77flR/nIZMinInnCd5De1NlL38fWvUllNOqLeG6vaclXNIMCOb/PSvLviUcS6QgMvzA7S6J6ZCa+5ur9JfRtZAd41YiUamZ/UQXxlCrP6Q8FqmSAtLpqryiiv/DjN4ekPZwjb7GGKWL8jpeQ591aYtiHIW78PO45IeeUDUJEEjtX/kngc4JfG41DnBfFeavM8HYryqwUJgUE2FXvaa6g3deYeu5xs0Z0U95hBNN+QPKfQikfq/JYnbKTwjcKc1mK48frUJUi4ZSHdAG5QxyS8+s5ScJhMJBFP4LECCqNPPeOqNLP4XGn0OdbqM1CQWp google-ssh {\"userName\":\"ganeshreddy7610@gmail.com\",\"expireOn\":\"2025-01-30T12:53:58+0000\"}"
            },
            "metadata_fingerprint": "tg_Al1iFUN4=",
            "metadata_startup_script": null,
            "min_cpu_platform": "",
            "name": "a1",
            "network_interface": [
              {
                "access_config": [
                  {
                    "nat_ip": "35.209.163.18",
                    "network_tier": "STANDARD",
                    "public_ptr_domain_name": ""
                  }
                ],
                "alias_ip_range": [],
                "internal_ipv6_prefix_length": 0,
                "ipv6_access_config": [],
                "ipv6_access_type": "",
                "ipv6_address": "",
                "name": "nic0",
                "network": "https://www.googleapis.com/compute/v1/projects/saitejaameda/global/networks/default",
                "network_ip": "10.128.0.11",
                "nic_type": "",
                "queue_count": 0,
                "stack_type": "IPV4_ONLY",
                "subnetwork": "https://www.googleapis.com/compute/v1/projects/saitejaameda/regions/us-central1/subnetworks/default",
                "subnetwork_project": "saitejaameda"
              }
            ],
            "network_performance_config": [],
            "params": [],
            "project": "saitejaameda",
            "reservation_affinity": [
              {
                "specific_reservation": [],
                "type": "ANY_RESERVATION"
              }
            ],
            "resource_policies": [],
            "scheduling": [
              {
                "automatic_restart": true,
                "availability_domain": 0,
                "instance_termination_action": "",
                "local_ssd_recovery_timeout": [],
                "max_run_duration": [],
                "min_node_cpus": 0,
                "node_affinities": [],
                "on_host_maintenance": "MIGRATE",
                "on_instance_stop_action": [],
                "preemptible": false,
                "provisioning_model": "STANDARD"
              }
            ],
            "scratch_disk": [],
            "self_link": "https://www.googleapis.com/compute/v1/projects/saitejaameda/zones/us-central1-c/instances/a1",
            "service_account": [
              {
                "email": "saiteja@saitejaameda.iam.gserviceaccount.com",
                "scopes": [
                  "https://www.googleapis.com/auth/devstorage.read_only",
                  "https://www.googleapis.com/auth/logging.write",
                  "https://www.googleapis.com/auth/monitoring.write",
                  "https://www.googleapis.com/auth/service.management.readonly",
                  "https://www.googleapis.com/auth/servicecontrol",
                  "https://www.googleapis.com/auth/trace.append"
                ]
              }
            ],
            "shielded_instance_config": [
              {
                "enable_integrity_monitoring": true,
                "enable_secure_boot": false,
                "enable_vtpm": true
              }
            ],
            "tags": [
              "http-server",
              "https-server"
            ],
            "tags_fingerprint": "6smc4R4d39I=",
            "terraform_labels": {},
            "timeouts": null,
            "zone": "us-central1-c"
          },
          "sensitive_attributes": [
            [
              {
                "type": "get_attr",
                "value": "boot_disk"
              },
              {
                "type": "index",
                "value": {
                  "value": 0,
                  "type": "number"
                }
              },
              {
                "type": "get_attr",
                "value": "disk_encryption_key_raw"
              }
            ]
          ],
          "private": "eyJlMmJmYjczMC1lY2FhLTExZTYtOGY4OC0zNDM2M2JjN2M0YzAiOnsiY3JlYXRlIjoxMjAwMDAwMDAwMDAwLCJkZWxldGUiOjEyMDAwMDAwMDAwMDAsInVwZGF0ZSI6MTIwMDAwMDAwMDAwMH0sInNjaGVtYV92ZXJzaW9uIjoiNiJ9"
        }
      ]
    }
  ],
  "check_results": null
}
