{
  "version": 4,
  "terraform_version": "1.10.5",
  "serial": 19,
  "lineage": "5e2cba03-ebe7-b006-6f75-58f992aef125",
  "outputs": {},
  "resources": [
    {
      "mode": "managed",
      "type": "local_file",
      "name": "sample_res",
      "provider": "provider[\"registry.terraform.io/hashicorp/local\"]",
      "instances": [
        {
          "schema_version": 0,
          "attributes": {
            "content": "sai",
            "content_base64": null,
            "content_base64sha256": "g+tYdPMVv0tNv31C1cmYbcbLowqcJZ/jiqdU3x1vupI=",
            "content_base64sha512": "xomhZWGmzBUIwC45Vg5tqAmTGQ33qLL1Y/A6h1mB/x7YwH14a3LrTeRmsfgTMT1YN2U3dbHN0p4Jy1Wz5Q/TnQ==",
            "content_md5": "a29bac723ca2d59ed78a2d715e17e92f",
            "content_sha1": "f0488e300067bc295f044886b296f8cefbe08029",
            "content_sha256": "83eb5874f315bf4b4dbf7d42d5c9986dc6cba30a9c259fe38aa754df1d6fba92",
            "content_sha512": "c689a16561a6cc1508c02e39560e6da80993190df7a8b2f563f03a875981ff1ed8c07d786b72eb4de466b1f813313d5837653775b1cdd29e09cb55b3e50fd39d",
            "directory_permission": "0777",
            "file_permission": "0777",
            "filename": "sample.txt",
            "id": "f0488e300067bc295f044886b296f8cefbe08029",
            "sensitive_content": null,
            "source": null
          },
          "sensitive_attributes": [
            [
              {
                "type": "get_attr",
                "value": "sensitive_content"
              }
            ]
          ]
        }
      ]
    }
  ],
  "check_results": null
}
