{
  "version": 4,
  "terraform_version": "1.10.5",
  "serial": 4,
  "lineage": "fb059473-97b6-c3fd-ea1d-5b8c89f0fa63",
  "outputs": {},
  "resources": [
    {
      "mode": "managed",
      "type": "local_sensitive_file",
      "name": "sample_res",
      "provider": "provider[\"registry.terraform.io/hashicorp/local\"]",
      "instances": [
        {
          "schema_version": 0,
          "attributes": {
            "content": "hi this is sensitive",
            "content_base64": null,
            "content_base64sha256": "usHpbnn6gMTmDoThvE3v0QLMeTXg5WNcKnyAly1XlwQ=",
            "content_base64sha512": "eoSapydOSf5KBG4neFhfRf/4k0PqqD+nPHRpIR9k8aFMN0WJReOrQ4qA8F0MzM+6CNHsZHodacSNIzKp5aWTxQ==",
            "content_md5": "6398eb346851cee6d04f567380ad80c3",
            "content_sha1": "230cf7d37022bee21321b8eaf65a149bce2e9211",
            "content_sha256": "bac1e96e79fa80c4e60e84e1bc4defd102cc7935e0e5635c2a7c80972d579704",
            "content_sha512": "7a849aa7274e49fe4a046e2778585f45fff89343eaa83fa73c7469211f64f1a14c37458945e3ab438a80f05d0ccccfba08d1ec647a1d69c48d2332a9e5a593c5",
            "directory_permission": "0700",
            "file_permission": "0700",
            "filename": "sample_args.txt",
            "id": "230cf7d37022bee21321b8eaf65a149bce2e9211",
            "source": null
          },
          "sensitive_attributes": [
            [
              {
                "type": "get_attr",
                "value": "content"
              }
            ],
            [
              {
                "type": "get_attr",
                "value": "content_base64"
              }
            ]
          ]
        }
      ]
    }
  ],
  "check_results": null
}
